
Microsoft Visual Studio Solution File, Format Version 12.00
# Visual Studio Version 17
VisualStudioVersion = 17.14.36310.24
MinimumVisualStudioVersion = 10.0.40219.1
Project("{FAE04EC0-301F-11D3-BF4B-00C04F79EFBC}") = "SEMANA1_C#", "SEMANA1_C#\SEMANA1_C#.csproj", "{84778148-233D-4EA7-9F42-84F32A8447DA}"
EndProject
Project("{888888A0-9F3D-457C-B088-3A5042F75D52}") = "SEMANA_PYTHON", "SEMANA_PYTHON\SEMANA_PYTHON.pyproj", "{197B452D-08E0-4F42-8CB4-3405D6433BFD}"
EndProject
Project("{888888A0-9F3D-457C-B088-3A5042F75D52}") = "SEMANA_04", "SEMANA_04\SEMANA_04.pyproj", "{15727A66-73F9-43F7-96E6-EEA319B10B60}"
EndProject
Project("{888888A0-9F3D-457C-B088-3A5042F75D52}") = "SEMANA05_PY", "SEMANA05_PY\SEMANA05_PY.pyproj", "{A3EFFB31-7381-420F-8460-E564CD7B7EA3}"
EndProject
Project("{888888A0-9F3D-457C-B088-3A5042F75D52}") = "SEMAN 06 PY", "SEMAN 06 PY\SEMAN 06 PY.pyproj", "{86148514-A30A-4972-B0FE-16CA5662C84E}"
EndProject
Project("{888888A0-9F3D-457C-B088-3A5042F75D52}") = "SEMANA07.PY", "SEMANA07.PY\SEMANA07.PY.pyproj", "{FAC009DE-2690-4306-850F-A8A79C5DABA0}"
EndProject
Project("{888888A0-9F3D-457C-B088-3A5042F75D52}") = "SEMANA08", "SEMANA08\SEMANA08.pyproj", "{68E23FAE-0010-4818-A6E3-B24745EEA02F}"
EndProject
Project("{888888A0-9F3D-457C-B088-3A5042F75D52}") = "SEMANA09", "SEMANA09\SEMANA09.pyproj", "{82323DE6-93C7-4503-A1DE-64835EEFA357}"
EndProject
Project("{FAE04EC0-301F-11D3-BF4B-00C04F79EFBC}") = "SEMANA_10", "SEMANA_10\SEMANA_10.csproj", "{BE38CBF5-832B-48FA-A580-3F8F2404DD75}"
EndProject
Project("{FAE04EC0-301F-11D3-BF4B-00C04F79EFBC}") = "BIBLITECA_10", "BIBLITECA_10\BIBLITECA_10.csproj", "{1254C05C-08BB-4014-8672-FAE39EF2820F}"
EndProject
Global
	GlobalSection(SolutionConfigurationPlatforms) = preSolution
		Debug|Any CPU = Debug|Any CPU
		Release|Any CPU = Release|Any CPU
	EndGlobalSection
	GlobalSection(ProjectConfigurationPlatforms) = postSolution
		{84778148-233D-4EA7-9F42-84F32A8447DA}.Debug|Any CPU.ActiveCfg = Debug|Any CPU
		{84778148-233D-4EA7-9F42-84F32A8447DA}.Debug|Any CPU.Build.0 = Debug|Any CPU
		{84778148-233D-4EA7-9F42-84F32A8447DA}.Release|Any CPU.ActiveCfg = Release|Any CPU
		{84778148-233D-4EA7-9F42-84F32A8447DA}.Release|Any CPU.Build.0 = Release|Any CPU
		{197B452D-08E0-4F42-8CB4-3405D6433BFD}.Debug|Any CPU.ActiveCfg = Debug|Any CPU
		{197B452D-08E0-4F42-8CB4-3405D6433BFD}.Release|Any CPU.ActiveCfg = Release|Any CPU
		{15727A66-73F9-43F7-96E6-EEA319B10B60}.Debug|Any CPU.ActiveCfg = Debug|Any CPU
		{15727A66-73F9-43F7-96E6-EEA319B10B60}.Release|Any CPU.ActiveCfg = Release|Any CPU
		{A3EFFB31-7381-420F-8460-E564CD7B7EA3}.Debug|Any CPU.ActiveCfg = Debug|Any CPU
		{A3EFFB31-7381-420F-8460-E564CD7B7EA3}.Release|Any CPU.ActiveCfg = Release|Any CPU
		{86148514-A30A-4972-B0FE-16CA5662C84E}.Debug|Any CPU.ActiveCfg = Debug|Any CPU
		{86148514-A30A-4972-B0FE-16CA5662C84E}.Release|Any CPU.ActiveCfg = Release|Any CPU
		{FAC009DE-2690-4306-850F-A8A79C5DABA0}.Debug|Any CPU.ActiveCfg = Debug|Any CPU
		{FAC009DE-2690-4306-850F-A8A79C5DABA0}.Release|Any CPU.ActiveCfg = Release|Any CPU
		{68E23FAE-0010-4818-A6E3-B24745EEA02F}.Debug|Any CPU.ActiveCfg = Debug|Any CPU
		{68E23FAE-0010-4818-A6E3-B24745EEA02F}.Release|Any CPU.ActiveCfg = Release|Any CPU
		{82323DE6-93C7-4503-A1DE-64835EEFA357}.Debug|Any CPU.ActiveCfg = Debug|Any CPU
		{82323DE6-93C7-4503-A1DE-64835EEFA357}.Release|Any CPU.ActiveCfg = Release|Any CPU
		{BE38CBF5-832B-48FA-A580-3F8F2404DD75}.Debug|Any CPU.ActiveCfg = Debug|Any CPU
		{BE38CBF5-832B-48FA-A580-3F8F2404DD75}.Debug|Any CPU.Build.0 = Debug|Any CPU
		{BE38CBF5-832B-48FA-A580-3F8F2404DD75}.Release|Any CPU.ActiveCfg = Release|Any CPU
		{BE38CBF5-832B-48FA-A580-3F8F2404DD75}.Release|Any CPU.Build.0 = Release|Any CPU
		{1254C05C-08BB-4014-8672-FAE39EF2820F}.Debug|Any CPU.ActiveCfg = Debug|Any CPU
		{1254C05C-08BB-4014-8672-FAE39EF2820F}.Debug|Any CPU.Build.0 = Debug|Any CPU
		{1254C05C-08BB-4014-8672-FAE39EF2820F}.Release|Any CPU.ActiveCfg = Release|Any CPU
		{1254C05C-08BB-4014-8672-FAE39EF2820F}.Release|Any CPU.Build.0 = Release|Any CPU
	EndGlobalSection
	GlobalSection(SolutionProperties) = preSolution
		HideSolutionNode = FALSE
	EndGlobalSection
	GlobalSection(ExtensibilityGlobals) = postSolution
		SolutionGuid = {CAFB507F-7DEF-4A29-A3A7-9669F5567FCA}
	EndGlobalSection
EndGlobal
